// !$*UTF8*$!
{
	archiveVersion = 1;
	classes = {
	};
	objectVersion = 55;
	objects = {

/* Begin PBXBuildFile section */
		C1037EC629B5E27500EA9120 /* ContentView.swift in Sources */ = {isa = PBXBuildFile; fileRef = C1037EC529B5E27500EA9120 /* ContentView.swift */; };
		C1037ECC29B7359200EA9120 /* LoginView.swift in Sources */ = {isa = PBXBuildFile; fileRef = C1037ECB29B7359200EA9120 /* LoginView.swift */; };
		C1037ECE29B75F0B00EA9120 /* RegistrationView.swift in Sources */ = {isa = PBXBuildFile; fileRef = C1037ECD29B75F0B00EA9120 /* RegistrationView.swift */; };
		C1037ED029B7874900EA9120 /* CustomTextField.swift in Sources */ = {isa = PBXBuildFile; fileRef = C1037ECF29B7874900EA9120 /* CustomTextField.swift */; };
		C1037ED229B8AEF000EA9120 /* CustomSecureTextField.swift in Sources */ = {isa = PBXBuildFile; fileRef = C1037ED129B8AEF000EA9120 /* CustomSecureTextField.swift */; };
		C1037ED629B8D56800EA9120 /* iOSCheckboxToggleStyle.swift in Sources */ = {isa = PBXBuildFile; fileRef = C1037ED529B8D56800EA9120 /* iOSCheckboxToggleStyle.swift */; };
		C1037ED829B9B8CE00EA9120 /* ForgotPasswordView.swift in Sources */ = {isa = PBXBuildFile; fileRef = C1037ED729B9B8CE00EA9120 /* ForgotPasswordView.swift */; };
		C1037EDA29B9BECF00EA9120 /* VerificationCodeView.swift in Sources */ = {isa = PBXBuildFile; fileRef = C1037ED929B9BECF00EA9120 /* VerificationCodeView.swift */; };
		C1037EDC29B9C20300EA9120 /* HomeView.swift in Sources */ = {isa = PBXBuildFile; fileRef = C1037EDB29B9C20300EA9120 /* HomeView.swift */; };
		C1037EDE29B9C97C00EA9120 /* SettingsView.swift in Sources */ = {isa = PBXBuildFile; fileRef = C1037EDD29B9C97C00EA9120 /* SettingsView.swift */; };
		C1037EE029B9C99500EA9120 /* LanguagesView.swift in Sources */ = {isa = PBXBuildFile; fileRef = C1037EDF29B9C99500EA9120 /* LanguagesView.swift */; };
		C1037EEB29C1C13500EA9120 /* RoundTripView.swift in Sources */ = {isa = PBXBuildFile; fileRef = C1037EEA29C1C13500EA9120 /* RoundTripView.swift */; };
		C171968329C3153C003F3429 /* OneWayView.swift in Sources */ = {isa = PBXBuildFile; fileRef = C171968229C3153C003F3429 /* OneWayView.swift */; };
		C171968D29CDB145003F3429 /* ViewModifierFunctions.swift in Sources */ = {isa = PBXBuildFile; fileRef = C171968C29CDB145003F3429 /* ViewModifierFunctions.swift */; };
		C1B5304129B38E4A0034D645 /* FlightAppInSwiftUIApp.swift in Sources */ = {isa = PBXBuildFile; fileRef = C1B5304029B38E4A0034D645 /* FlightAppInSwiftUIApp.swift */; };
		C1B5304529B38E4C0034D645 /* Assets.xcassets in Resources */ = {isa = PBXBuildFile; fileRef = C1B5304429B38E4C0034D645 /* Assets.xcassets */; };
		C1B5304829B38E4C0034D645 /* Preview Assets.xcassets in Resources */ = {isa = PBXBuildFile; fileRef = C1B5304729B38E4C0034D645 /* Preview Assets.xcassets */; };
		C1B5305229B38E4C0034D645 /* FlightAppInSwiftUITests.swift in Sources */ = {isa = PBXBuildFile; fileRef = C1B5305129B38E4C0034D645 /* FlightAppInSwiftUITests.swift */; };
		C1B5305C29B38E4C0034D645 /* FlightAppInSwiftUIUITests.swift in Sources */ = {isa = PBXBuildFile; fileRef = C1B5305B29B38E4C0034D645 /* FlightAppInSwiftUIUITests.swift */; };
		C1B5305E29B38E4C0034D645 /* FlightAppInSwiftUIUITestsLaunchTests.swift in Sources */ = {isa = PBXBuildFile; fileRef = C1B5305D29B38E4C0034D645 /* FlightAppInSwiftUIUITestsLaunchTests.swift */; };
/* End PBXBuildFile section */

/* Begin PBXContainerItemProxy section */
		C1B5304E29B38E4C0034D645 /* PBXContainerItemProxy */ = {
			isa = PBXContainerItemProxy;
			containerPortal = C1B5303529B38E4A0034D645 /* Project object */;
			proxyType = 1;
			remoteGlobalIDString = C1B5303C29B38E4A0034D645;
			remoteInfo = FlightAppInSwiftUI;
		};
		C1B5305829B38E4C0034D645 /* PBXContainerItemProxy */ = {
			isa = PBXContainerItemProxy;
			containerPortal = C1B5303529B38E4A0034D645 /* Project object */;
			proxyType = 1;
			remoteGlobalIDString = C1B5303C29B38E4A0034D645;
			remoteInfo = FlightAppInSwiftUI;
		};
/* End PBXContainerItemProxy section */

/* Begin PBXFileReference section */
		C1037EBB29B5D80C00EA9120 /* Info.plist */ = {isa = PBXFileReference; lastKnownFileType = text.plist; path = Info.plist; sourceTree = "<group>"; };
		C1037EC529B5E27500EA9120 /* ContentView.swift */ = {isa = PBXFileReference; lastKnownFileType = sourcecode.swift; path = ContentView.swift; sourceTree = "<group>"; };
		C1037ECB29B7359200EA9120 /* LoginView.swift */ = {isa = PBXFileReference; lastKnownFileType = sourcecode.swift; path = LoginView.swift; sourceTree = "<group>"; };
		C1037ECD29B75F0B00EA9120 /* RegistrationView.swift */ = {isa = PBXFileReference; lastKnownFileType = sourcecode.swift; path = RegistrationView.swift; sourceTree = "<group>"; };
		C1037ECF29B7874900EA9120 /* CustomTextField.swift */ = {isa = PBXFileReference; lastKnownFileType = sourcecode.swift; path = CustomTextField.swift; sourceTree = "<group>"; };
		C1037ED129B8AEF000EA9120 /* CustomSecureTextField.swift */ = {isa = PBXFileReference; lastKnownFileType = sourcecode.swift; path = CustomSecureTextField.swift; sourceTree = "<group>"; };
		C1037ED529B8D56800EA9120 /* iOSCheckboxToggleStyle.swift */ = {isa = PBXFileReference; lastKnownFileType = sourcecode.swift; path = iOSCheckboxToggleStyle.swift; sourceTree = "<group>"; };
		C1037ED729B9B8CE00EA9120 /* ForgotPasswordView.swift */ = {isa = PBXFileReference; lastKnownFileType = sourcecode.swift; path = ForgotPasswordView.swift; sourceTree = "<group>"; };
		C1037ED929B9BECF00EA9120 /* VerificationCodeView.swift */ = {isa = PBXFileReference; lastKnownFileType = sourcecode.swift; path = VerificationCodeView.swift; sourceTree = "<group>"; };
		C1037EDB29B9C20300EA9120 /* HomeView.swift */ = {isa = PBXFileReference; lastKnownFileType = sourcecode.swift; path = HomeView.swift; sourceTree = "<group>"; };
		C1037EDD29B9C97C00EA9120 /* SettingsView.swift */ = {isa = PBXFileReference; lastKnownFileType = sourcecode.swift; path = SettingsView.swift; sourceTree = "<group>"; };
		C1037EDF29B9C99500EA9120 /* LanguagesView.swift */ = {isa = PBXFileReference; lastKnownFileType = sourcecode.swift; path = LanguagesView.swift; sourceTree = "<group>"; };
		C1037EEA29C1C13500EA9120 /* RoundTripView.swift */ = {isa = PBXFileReference; lastKnownFileType = sourcecode.swift; path = RoundTripView.swift; sourceTree = "<group>"; };
		C171968229C3153C003F3429 /* OneWayView.swift */ = {isa = PBXFileReference; lastKnownFileType = sourcecode.swift; path = OneWayView.swift; sourceTree = "<group>"; };
		C171968C29CDB145003F3429 /* ViewModifierFunctions.swift */ = {isa = PBXFileReference; lastKnownFileType = sourcecode.swift; path = ViewModifierFunctions.swift; sourceTree = "<group>"; };
		C1B5303D29B38E4A0034D645 /* FlightAppInSwiftUI.app */ = {isa = PBXFileReference; explicitFileType = wrapper.application; includeInIndex = 0; path = FlightAppInSwiftUI.app; sourceTree = BUILT_PRODUCTS_DIR; };
		C1B5304029B38E4A0034D645 /* FlightAppInSwiftUIApp.swift */ = {isa = PBXFileReference; lastKnownFileType = sourcecode.swift; path = FlightAppInSwiftUIApp.swift; sourceTree = "<group>"; };
		C1B5304429B38E4C0034D645 /* Assets.xcassets */ = {isa = PBXFileReference; lastKnownFileType = folder.assetcatalog; path = Assets.xcassets; sourceTree = "<group>"; };
		C1B5304729B38E4C0034D645 /* Preview Assets.xcassets */ = {isa = PBXFileReference; lastKnownFileType = folder.assetcatalog; path = "Preview Assets.xcassets"; sourceTree = "<group>"; };
		C1B5304D29B38E4C0034D645 /* FlightAppInSwiftUITests.xctest */ = {isa = PBXFileReference; explicitFileType = wrapper.cfbundle; includeInIndex = 0; path = FlightAppInSwiftUITests.xctest; sourceTree = BUILT_PRODUCTS_DIR; };
		C1B5305129B38E4C0034D645 /* FlightAppInSwiftUITests.swift */ = {isa = PBXFileReference; lastKnownFileType = sourcecode.swift; path = FlightAppInSwiftUITests.swift; sourceTree = "<group>"; };
		C1B5305729B38E4C0034D645 /* FlightAppInSwiftUIUITests.xctest */ = {isa = PBXFileReference; explicitFileType = wrapper.cfbundle; includeInIndex = 0; path = FlightAppInSwiftUIUITests.xctest; sourceTree = BUILT_PRODUCTS_DIR; };
		C1B5305B29B38E4C0034D645 /* FlightAppInSwiftUIUITests.swift */ = {isa = PBXFileReference; lastKnownFileType = sourcecode.swift; path = FlightAppInSwiftUIUITests.swift; sourceTree = "<group>"; };
		C1B5305D29B38E4C0034D645 /* FlightAppInSwiftUIUITestsLaunchTests.swift */ = {isa = PBXFileReference; lastKnownFileType = sourcecode.swift; path = FlightAppInSwiftUIUITestsLaunchTests.swift; sourceTree = "<group>"; };
/* End PBXFileReference section */

/* Begin PBXFrameworksBuildPhase section */
		C1B5303A29B38E4A0034D645 /* Frameworks */ = {
			isa = PBXFrameworksBuildPhase;
			buildActionMask = 2147483647;
			files = (
			);
			runOnlyForDeploymentPostprocessing = 0;
		};
		C1B5304A29B38E4C0034D645 /* Frameworks */ = {
			isa = PBXFrameworksBuildPhase;
			buildActionMask = 2147483647;
			files = (
			);
			runOnlyForDeploymentPostprocessing = 0;
		};
		C1B5305429B38E4C0034D645 /* Frameworks */ = {
			isa = PBXFrameworksBuildPhase;
			buildActionMask = 2147483647;
			files = (
			);
			runOnlyForDeploymentPostprocessing = 0;
		};
/* End PBXFrameworksBuildPhase section */

/* Begin PBXGroup section */
		C1037EBD29B5E14F00EA9120 /* Model */ = {
			isa = PBXGroup;
			children = (
			);
			path = Model;
			sourceTree = "<group>";
		};
		C1037EBE29B5E15A00EA9120 /* Utils */ = {
			isa = PBXGroup;
			children = (
				C1037ECF29B7874900EA9120 /* CustomTextField.swift */,
				C1037ED129B8AEF000EA9120 /* CustomSecureTextField.swift */,
				C1037ED529B8D56800EA9120 /* iOSCheckboxToggleStyle.swift */,
				C171968C29CDB145003F3429 /* ViewModifierFunctions.swift */,
			);
			path = Utils;
			sourceTree = "<group>";
		};
		C1037EBF29B5E16800EA9120 /* API */ = {
			isa = PBXGroup;
			children = (
			);
			path = API;
			sourceTree = "<group>";
		};
		C1037EC029B5E18E00EA9120 /* ViewModel */ = {
			isa = PBXGroup;
			children = (
				C1037ECA29B5E33300EA9120 /* Authentication */,
			);
			path = ViewModel;
			sourceTree = "<group>";
		};
		C1037EC129B5E19400EA9120 /* View */ = {
			isa = PBXGroup;
			children = (
				C1037EC929B5E2FD00EA9120 /* Authentication */,
				C1037EC429B5E25600EA9120 /* Main */,
				C1037EDB29B9C20300EA9120 /* HomeView.swift */,
				C1037EDD29B9C97C00EA9120 /* SettingsView.swift */,
				C1037EDF29B9C99500EA9120 /* LanguagesView.swift */,
				C1037EEA29C1C13500EA9120 /* RoundTripView.swift */,
				C171968229C3153C003F3429 /* OneWayView.swift */,
			);
			path = View;
			sourceTree = "<group>";
		};
		C1037EC429B5E25600EA9120 /* Main */ = {
			isa = PBXGroup;
			children = (
				C1037EC529B5E27500EA9120 /* ContentView.swift */,
			);
			path = Main;
			sourceTree = "<group>";
		};
		C1037EC929B5E2FD00EA9120 /* Authentication */ = {
			isa = PBXGroup;
			children = (
				C1037ECB29B7359200EA9120 /* LoginView.swift */,
				C1037ECD29B75F0B00EA9120 /* RegistrationView.swift */,
				C1037ED729B9B8CE00EA9120 /* ForgotPasswordView.swift */,
				C1037ED929B9BECF00EA9120 /* VerificationCodeView.swift */,
			);
			path = Authentication;
			sourceTree = "<group>";
		};
		C1037ECA29B5E33300EA9120 /* Authentication */ = {
			isa = PBXGroup;
			children = (
			);
			path = Authentication;
			sourceTree = "<group>";
		};
		C1B5303429B38E490034D645 = {
			isa = PBXGroup;
			children = (
				C1B5303F29B38E4A0034D645 /* FlightAppInSwiftUI */,
				C1B5305029B38E4C0034D645 /* FlightAppInSwiftUITests */,
				C1B5305A29B38E4C0034D645 /* FlightAppInSwiftUIUITests */,
				C1B5303E29B38E4A0034D645 /* Products */,
			);
			sourceTree = "<group>";
		};
		C1B5303E29B38E4A0034D645 /* Products */ = {
			isa = PBXGroup;
			children = (
				C1B5303D29B38E4A0034D645 /* FlightAppInSwiftUI.app */,
				C1B5304D29B38E4C0034D645 /* FlightAppInSwiftUITests.xctest */,
				C1B5305729B38E4C0034D645 /* FlightAppInSwiftUIUITests.xctest */,
			);
			name = Products;
			sourceTree = "<group>";
		};
		C1B5303F29B38E4A0034D645 /* FlightAppInSwiftUI */ = {
			isa = PBXGroup;
			children = (
				C1037EBD29B5E14F00EA9120 /* Model */,
				C1037EC129B5E19400EA9120 /* View */,
				C1037EC029B5E18E00EA9120 /* ViewModel */,
				C1037EBF29B5E16800EA9120 /* API */,
				C1037EBE29B5E15A00EA9120 /* Utils */,
				C1037EBB29B5D80C00EA9120 /* Info.plist */,
				C1B5304029B38E4A0034D645 /* FlightAppInSwiftUIApp.swift */,
				C1B5304429B38E4C0034D645 /* Assets.xcassets */,
				C1B5304629B38E4C0034D645 /* Preview Content */,
			);
			path = FlightAppInSwiftUI;
			sourceTree = "<group>";
		};
		C1B5304629B38E4C0034D645 /* Preview Content */ = {
			isa = PBXGroup;
			children = (
				C1B5304729B38E4C0034D645 /* Preview Assets.xcassets */,
			);
			path = "Preview Content";
			sourceTree = "<group>";
		};
		C1B5305029B38E4C0034D645 /* FlightAppInSwiftUITests */ = {
			isa = PBXGroup;
			children = (
				C1B5305129B38E4C0034D645 /* FlightAppInSwiftUITests.swift */,
			);
			path = FlightAppInSwiftUITests;
			sourceTree = "<group>";
		};
		C1B5305A29B38E4C0034D645 /* FlightAppInSwiftUIUITests */ = {
			isa = PBXGroup;
			children = (
				C1B5305B29B38E4C0034D645 /* FlightAppInSwiftUIUITests.swift */,
				C1B5305D29B38E4C0034D645 /* FlightAppInSwiftUIUITestsLaunchTests.swift */,
			);
			path = FlightAppInSwiftUIUITests;
			sourceTree = "<group>";
		};
/* End PBXGroup section */

/* Begin PBXNativeTarget section */
		C1B5303C29B38E4A0034D645 /* FlightAppInSwiftUI */ = {
			isa = PBXNativeTarget;
			buildConfigurationList = C1B5306129B38E4C0034D645 /* Build configuration list for PBXNativeTarget "FlightAppInSwiftUI" */;
			buildPhases = (
				C1B5303929B38E4A0034D645 /* Sources */,
				C1B5303A29B38E4A0034D645 /* Frameworks */,
				C1B5303B29B38E4A0034D645 /* Resources */,
			);
			buildRules = (
			);
			dependencies = (
			);
			name = FlightAppInSwiftUI;
			productName = FlightAppInSwiftUI;
			productReference = C1B5303D29B38E4A0034D645 /* FlightAppInSwiftUI.app */;
			productType = "com.apple.product-type.application";
		};
		C1B5304C29B38E4C0034D645 /* FlightAppInSwiftUITests */ = {
			isa = PBXNativeTarget;
			buildConfigurationList = C1B5306429B38E4C0034D645 /* Build configuration list for PBXNativeTarget "FlightAppInSwiftUITests" */;
			buildPhases = (
				C1B5304929B38E4C0034D645 /* Sources */,
				C1B5304A29B38E4C0034D645 /* Frameworks */,
				C1B5304B29B38E4C0034D645 /* Resources */,
			);
			buildRules = (
			);
			dependencies = (
				C1B5304F29B38E4C0034D645 /* PBXTargetDependency */,
			);
			name = FlightAppInSwiftUITests;
			productName = FlightAppInSwiftUITests;
			productReference = C1B5304D29B38E4C0034D645 /* FlightAppInSwiftUITests.xctest */;
			productType = "com.apple.product-type.bundle.unit-test";
		};
		C1B5305629B38E4C0034D645 /* FlightAppInSwiftUIUITests */ = {
			isa = PBXNativeTarget;
			buildConfigurationList = C1B5306729B38E4C0034D645 /* Build configuration list for PBXNativeTarget "FlightAppInSwiftUIUITests" */;
			buildPhases = (
				C1B5305329B38E4C0034D645 /* Sources */,
				C1B5305429B38E4C0034D645 /* Frameworks */,
				C1B5305529B38E4C0034D645 /* Resources */,
			);
			buildRules = (
			);
			dependencies = (
				C1B5305929B38E4C0034D645 /* PBXTargetDependency */,
			);
			name = FlightAppInSwiftUIUITests;
			productName = FlightAppInSwiftUIUITests;
			productReference = C1B5305729B38E4C0034D645 /* FlightAppInSwiftUIUITests.xctest */;
			productType = "com.apple.product-type.bundle.ui-testing";
		};
/* End PBXNativeTarget section */

/* Begin PBXProject section */
		C1B5303529B38E4A0034D645 /* Project object */ = {
			isa = PBXProject;
			attributes = {
				BuildIndependentTargetsInParallel = 1;
				LastSwiftUpdateCheck = 1340;
				LastUpgradeCheck = 1340;
				TargetAttributes = {
					C1B5303C29B38E4A0034D645 = {
						CreatedOnToolsVersion = 13.4;
					};
					C1B5304C29B38E4C0034D645 = {
						CreatedOnToolsVersion = 13.4;
						TestTargetID = C1B5303C29B38E4A0034D645;
					};
					C1B5305629B38E4C0034D645 = {
						CreatedOnToolsVersion = 13.4;
						TestTargetID = C1B5303C29B38E4A0034D645;
					};
				};
			};
			buildConfigurationList = C1B5303829B38E4A0034D645 /* Build configuration list for PBXProject "FlightAppInSwiftUI" */;
			compatibilityVersion = "Xcode 13.0";
			developmentRegion = en;
			hasScannedForEncodings = 0;
			knownRegions = (
				en,
				Base,
			);
			mainGroup = C1B5303429B38E490034D645;
			productRefGroup = C1B5303E29B38E4A0034D645 /* Products */;
			projectDirPath = "";
			projectRoot = "";
			targets = (
				C1B5303C29B38E4A0034D645 /* FlightAppInSwiftUI */,
				C1B5304C29B38E4C0034D645 /* FlightAppInSwiftUITests */,
				C1B5305629B38E4C0034D645 /* FlightAppInSwiftUIUITests */,
			);
		};
/* End PBXProject section */

/* Begin PBXResourcesBuildPhase section */
		C1B5303B29B38E4A0034D645 /* Resources */ = {
			isa = PBXResourcesBuildPhase;
			buildActionMask = 2147483647;
			files = (
				C1B5304829B38E4C0034D645 /* Preview Assets.xcassets in Resources */,
				C1B5304529B38E4C0034D645 /* Assets.xcassets in Resources */,
			);
			runOnlyForDeploymentPostprocessing = 0;
		};
		C1B5304B29B38E4C0034D645 /* Resources */ = {
			isa = PBXResourcesBuildPhase;
			buildActionMask = 2147483647;
			files = (
			);
			runOnlyForDeploymentPostprocessing = 0;
		};
		C1B5305529B38E4C0034D645 /* Resources */ = {
			isa = PBXResourcesBuildPhase;
			buildActionMask = 2147483647;
			files = (
			);
			runOnlyForDeploymentPostprocessing = 0;
		};
/* End PBXResourcesBuildPhase section */

/* Begin PBXSourcesBuildPhase section */
		C1B5303929B38E4A0034D645 /* Sources */ = {
			isa = PBXSourcesBuildPhase;
			buildActionMask = 2147483647;
			files = (
				C1037EE029B9C99500EA9120 /* LanguagesView.swift in Sources */,
				C1037ECC29B7359200EA9120 /* LoginView.swift in Sources */,
				C1037ED229B8AEF000EA9120 /* CustomSecureTextField.swift in Sources */,
				C171968329C3153C003F3429 /* OneWayView.swift in Sources */,
				C1037ED829B9B8CE00EA9120 /* ForgotPasswordView.swift in Sources */,
				C1037EDC29B9C20300EA9120 /* HomeView.swift in Sources */,
				C1037EDA29B9BECF00EA9120 /* VerificationCodeView.swift in Sources */,
				C1037EC629B5E27500EA9120 /* ContentView.swift in Sources */,
				C1B5304129B38E4A0034D645 /* FlightAppInSwiftUIApp.swift in Sources */,
				C171968D29CDB145003F3429 /* ViewModifierFunctions.swift in Sources */,
				C1037ED629B8D56800EA9120 /* iOSCheckboxToggleStyle.swift in Sources */,
				C1037ECE29B75F0B00EA9120 /* RegistrationView.swift in Sources */,
				C1037ED029B7874900EA9120 /* CustomTextField.swift in Sources */,
				C1037EEB29C1C13500EA9120 /* RoundTripView.swift in Sources */,
				C1037EDE29B9C97C00EA9120 /* SettingsView.swift in Sources */,
			);
			runOnlyForDeploymentPostprocessing = 0;
		};
		C1B5304929B38E4C0034D645 /* Sources */ = {
			isa = PBXSourcesBuildPhase;
			buildActionMask = 2147483647;
			files = (
				C1B5305229B38E4C0034D645 /* FlightAppInSwiftUITests.swift in Sources */,
			);
			runOnlyForDeploymentPostprocessing = 0;
		};
		C1B5305329B38E4C0034D645 /* Sources */ = {
			isa = PBXSourcesBuildPhase;
			buildActionMask = 2147483647;
			files = (
				C1B5305C29B38E4C0034D645 /* FlightAppInSwiftUIUITests.swift in Sources */,
				C1B5305E29B38E4C0034D645 /* FlightAppInSwiftUIUITestsLaunchTests.swift in Sources */,
			);
			runOnlyForDeploymentPostprocessing = 0;
		};
/* End PBXSourcesBuildPhase section */

/* Begin PBXTargetDependency section */
		C1B5304F29B38E4C0034D645 /* PBXTargetDependency */ = {
			isa = PBXTargetDependency;
			target = C1B5303C29B38E4A0034D645 /* FlightAppInSwiftUI */;
			targetProxy = C1B5304E29B38E4C0034D645 /* PBXContainerItemProxy */;
		};
		C1B5305929B38E4C0034D645 /* PBXTargetDependency */ = {
			isa = PBXTargetDependency;
			target = C1B5303C29B38E4A0034D645 /* FlightAppInSwiftUI */;
			targetProxy = C1B5305829B38E4C0034D645 /* PBXContainerItemProxy */;
		};
/* End PBXTargetDependency section */

/* Begin XCBuildConfiguration section */
		C1B5305F29B38E4C0034D645 /* Debug */ = {
			isa = XCBuildConfiguration;
			buildSettings = {
				ALWAYS_SEARCH_USER_PATHS = NO;
				CLANG_ANALYZER_NONNULL = YES;
				CLANG_ANALYZER_NUMBER_OBJECT_CONVERSION = YES_AGGRESSIVE;
				CLANG_CXX_LANGUAGE_STANDARD = "gnu++17";
				CLANG_ENABLE_MODULES = YES;
				CLANG_ENABLE_OBJC_ARC = YES;
				CLANG_ENABLE_OBJC_WEAK = YES;
				CLANG_WARN_BLOCK_CAPTURE_AUTORELEASING = YES;
				CLANG_WARN_BOOL_CONVERSION = YES;
				CLANG_WARN_COMMA = YES;
				CLANG_WARN_CONSTANT_CONVERSION = YES;
				CLANG_WARN_DEPRECATED_OBJC_IMPLEMENTATIONS = YES;
				CLANG_WARN_DIRECT_OBJC_ISA_USAGE = YES_ERROR;
				CLANG_WARN_DOCUMENTATION_COMMENTS = YES;
				CLANG_WARN_EMPTY_BODY = YES;
				CLANG_WARN_ENUM_CONVERSION = YES;
				CLANG_WARN_INFINITE_RECURSION = YES;
				CLANG_WARN_INT_CONVERSION = YES;
				CLANG_WARN_NON_LITERAL_NULL_CONVERSION = YES;
				CLANG_WARN_OBJC_IMPLICIT_RETAIN_SELF = YES;
				CLANG_WARN_OBJC_LITERAL_CONVERSION = YES;
				CLANG_WARN_OBJC_ROOT_CLASS = YES_ERROR;
				CLANG_WARN_QUOTED_INCLUDE_IN_FRAMEWORK_HEADER = YES;
				CLANG_WARN_RANGE_LOOP_ANALYSIS = YES;
				CLANG_WARN_STRICT_PROTOTYPES = YES;
				CLANG_WARN_SUSPICIOUS_MOVE = YES;
				CLANG_WARN_UNGUARDED_AVAILABILITY = YES_AGGRESSIVE;
				CLANG_WARN_UNREACHABLE_CODE = YES;
				CLANG_WARN__DUPLICATE_METHOD_MATCH = YES;
				COPY_PHASE_STRIP = NO;
				DEBUG_INFORMATION_FORMAT = dwarf;
				ENABLE_STRICT_OBJC_MSGSEND = YES;
				ENABLE_TESTABILITY = YES;
				GCC_C_LANGUAGE_STANDARD = gnu11;
				GCC_DYNAMIC_NO_PIC = NO;
				GCC_NO_COMMON_BLOCKS = YES;
				GCC_OPTIMIZATION_LEVEL = 0;
				GCC_PREPROCESSOR_DEFINITIONS = (
					"DEBUG=1",
					"$(inherited)",
				);
				GCC_WARN_64_TO_32_BIT_CONVERSION = YES;
				GCC_WARN_ABOUT_RETURN_TYPE = YES_ERROR;
				GCC_WARN_UNDECLARED_SELECTOR = YES;
				GCC_WARN_UNINITIALIZED_AUTOS = YES_AGGRESSIVE;
				GCC_WARN_UNUSED_FUNCTION = YES;
				GCC_WARN_UNUSED_VARIABLE = YES;
				IPHONEOS_DEPLOYMENT_TARGET = 15.5;
				MTL_ENABLE_DEBUG_INFO = INCLUDE_SOURCE;
				MTL_FAST_MATH = YES;
				ONLY_ACTIVE_ARCH = YES;
				SDKROOT = iphoneos;
				SWIFT_ACTIVE_COMPILATION_CONDITIONS = DEBUG;
				SWIFT_OPTIMIZATION_LEVEL = "-Onone";
			};
			name = Debug;
		};
		C1B5306029B38E4C0034D645 /* Release */ = {
			isa = XCBuildConfiguration;
			buildSettings = {
				ALWAYS_SEARCH_USER_PATHS = NO;
				CLANG_ANALYZER_NONNULL = YES;
				CLANG_ANALYZER_NUMBER_OBJECT_CONVERSION = YES_AGGRESSIVE;
				CLANG_CXX_LANGUAGE_STANDARD = "gnu++17";
				CLANG_ENABLE_MODULES = YES;
				CLANG_ENABLE_OBJC_ARC = YES;
				CLANG_ENABLE_OBJC_WEAK = YES;
				CLANG_WARN_BLOCK_CAPTURE_AUTORELEASING = YES;
				CLANG_WARN_BOOL_CONVERSION = YES;
				CLANG_WARN_COMMA = YES;
				CLANG_WARN_CONSTANT_CONVERSION = YES;
				CLANG_WARN_DEPRECATED_OBJC_IMPLEMENTATIONS = YES;
				CLANG_WARN_DIRECT_OBJC_ISA_USAGE = YES_ERROR;
				CLANG_WARN_DOCUMENTATION_COMMENTS = YES;
				CLANG_WARN_EMPTY_BODY = YES;
				CLANG_WARN_ENUM_CONVERSION = YES;
				CLANG_WARN_INFINITE_RECURSION = YES;
				CLANG_WARN_INT_CONVERSION = YES;
				CLANG_WARN_NON_LITERAL_NULL_CONVERSION = YES;
				CLANG_WARN_OBJC_IMPLICIT_RETAIN_SELF = YES;
				CLANG_WARN_OBJC_LITERAL_CONVERSION = YES;
				CLANG_WARN_OBJC_ROOT_CLASS = YES_ERROR;
				CLANG_WARN_QUOTED_INCLUDE_IN_FRAMEWORK_HEADER = YES;
				CLANG_WARN_RANGE_LOOP_ANALYSIS = YES;
				CLANG_WARN_STRICT_PROTOTYPES = YES;
				CLANG_WARN_SUSPICIOUS_MOVE = YES;
				CLANG_WARN_UNGUARDED_AVAILABILITY = YES_AGGRESSIVE;
				CLANG_WARN_UNREACHABLE_CODE = YES;
				CLANG_WARN__DUPLICATE_METHOD_MATCH = YES;
				COPY_PHASE_STRIP = NO;
				DEBUG_INFORMATION_FORMAT = "dwarf-with-dsym";
				ENABLE_NS_ASSERTIONS = NO;
				ENABLE_STRICT_OBJC_MSGSEND = YES;
				GCC_C_LANGUAGE_STANDARD = gnu11;
				GCC_NO_COMMON_BLOCKS = YES;
				GCC_WARN_64_TO_32_BIT_CONVERSION = YES;
				GCC_WARN_ABOUT_RETURN_TYPE = YES_ERROR;
				GCC_WARN_UNDECLARED_SELECTOR = YES;
				GCC_WARN_UNINITIALIZED_AUTOS = YES_AGGRESSIVE;
				GCC_WARN_UNUSED_FUNCTION = YES;
				GCC_WARN_UNUSED_VARIABLE = YES;
				IPHONEOS_DEPLOYMENT_TARGET = 15.5;
				MTL_ENABLE_DEBUG_INFO = NO;
				MTL_FAST_MATH = YES;
				SDKROOT = iphoneos;
				SWIFT_COMPILATION_MODE = wholemodule;
				SWIFT_OPTIMIZATION_LEVEL = "-O";
				VALIDATE_PRODUCT = YES;
			};
			name = Release;
		};
		C1B5306229B38E4C0034D645 /* Debug */ = {
			isa = XCBuildConfiguration;
			buildSettings = {
				ASSETCATALOG_COMPILER_APPICON_NAME = AppIcon;
				ASSETCATALOG_COMPILER_GLOBAL_ACCENT_COLOR_NAME = AccentColor;
				CODE_SIGN_STYLE = Automatic;
				CURRENT_PROJECT_VERSION = 1;
				DEVELOPMENT_ASSET_PATHS = "\"FlightAppInSwiftUI/Preview Content\"";
				DEVELOPMENT_TEAM = 88HR9232FQ;
				ENABLE_PREVIEWS = YES;
				GENERATE_INFOPLIST_FILE = YES;
				INFOPLIST_FILE = FlightAppInSwiftUI/Info.plist;
				INFOPLIST_KEY_UIApplicationSceneManifest_Generation = YES;
				INFOPLIST_KEY_UIApplicationSupportsIndirectInputEvents = YES;
				INFOPLIST_KEY_UISupportedInterfaceOrientations_iPad = "UIInterfaceOrientationPortrait UIInterfaceOrientationPortraitUpsideDown UIInterfaceOrientationLandscapeLeft UIInterfaceOrientationLandscapeRight";
				INFOPLIST_KEY_UISupportedInterfaceOrientations_iPhone = "UIInterfaceOrientationPortrait UIInterfaceOrientationLandscapeLeft UIInterfaceOrientationLandscapeRight";
				LD_RUNPATH_SEARCH_PATHS = (
					"$(inherited)",
					"@executable_path/Frameworks",
				);
				MARKETING_VERSION = 1.0;
				PRODUCT_BUNDLE_IDENTIFIER = co.dagmawit.FlightAppInSwiftUI;
				PRODUCT_NAME = "$(TARGET_NAME)";
				SWIFT_EMIT_LOC_STRINGS = YES;
				SWIFT_VERSION = 5.0;
				TARGETED_DEVICE_FAMILY = "1,2";
			};
			name = Debug;
		};
		C1B5306329B38E4C0034D645 /* Release */ = {
			isa = XCBuildConfiguration;
			buildSettings = {
				ASSETCATALOG_COMPILER_APPICON_NAME = AppIcon;
				ASSETCATALOG_COMPILER_GLOBAL_ACCENT_COLOR_NAME = AccentColor;
				CODE_SIGN_STYLE = Automatic;
				CURRENT_PROJECT_VERSION = 1;
				DEVELOPMENT_ASSET_PATHS = "\"FlightAppInSwiftUI/Preview Content\"";
				DEVELOPMENT_TEAM = 88HR9232FQ;
				ENABLE_PREVIEWS = YES;
				GENERATE_INFOPLIST_FILE = YES;
				INFOPLIST_FILE = FlightAppInSwiftUI/Info.plist;
				INFOPLIST_KEY_UIApplicationSceneManifest_Generation = YES;
				INFOPLIST_KEY_UIApplicationSupportsIndirectInputEvents = YES;
				INFOPLIST_KEY_UISupportedInterfaceOrientations_iPad = "UIInterfaceOrientationPortrait UIInterfaceOrientationPortraitUpsideDown UIInterfaceOrientationLandscapeLeft UIInterfaceOrientationLandscapeRight";
				INFOPLIST_KEY_UISupportedInterfaceOrientations_iPhone = "UIInterfaceOrientationPortrait UIInterfaceOrientationLandscapeLeft UIInterfaceOrientationLandscapeRight";
				LD_RUNPATH_SEARCH_PATHS = (
					"$(inherited)",
					"@executable_path/Frameworks",
				);
				MARKETING_VERSION = 1.0;
				PRODUCT_BUNDLE_IDENTIFIER = co.dagmawit.FlightAppInSwiftUI;
				PRODUCT_NAME = "$(TARGET_NAME)";
				SWIFT_EMIT_LOC_STRINGS = YES;
				SWIFT_VERSION = 5.0;
				TARGETED_DEVICE_FAMILY = "1,2";
			};
			name = Release;
		};
		C1B5306529B38E4C0034D645 /* Debug */ = {
			isa = XCBuildConfiguration;
			buildSettings = {
				ALWAYS_EMBED_SWIFT_STANDARD_LIBRARIES = YES;
				BUNDLE_LOADER = "$(TEST_HOST)";
				CODE_SIGN_STYLE = Automatic;
				CURRENT_PROJECT_VERSION = 1;
				DEVELOPMENT_TEAM = 88HR9232FQ;
				GENERATE_INFOPLIST_FILE = YES;
				IPHONEOS_DEPLOYMENT_TARGET = 15.5;
				MARKETING_VERSION = 1.0;
				PRODUCT_BUNDLE_IDENTIFIER = co.dagmawit.FlightAppInSwiftUITests;
				PRODUCT_NAME = "$(TARGET_NAME)";
				SWIFT_EMIT_LOC_STRINGS = NO;
				SWIFT_VERSION = 5.0;
				TARGETED_DEVICE_FAMILY = "1,2";
				TEST_HOST = "$(BUILT_PRODUCTS_DIR)/FlightAppInSwiftUI.app/FlightAppInSwiftUI";
			};
			name = Debug;
		};
		C1B5306629B38E4C0034D645 /* Release */ = {
			isa = XCBuildConfiguration;
			buildSettings = {
				ALWAYS_EMBED_SWIFT_STANDARD_LIBRARIES = YES;
				BUNDLE_LOADER = "$(TEST_HOST)";
				CODE_SIGN_STYLE = Automatic;
				CURRENT_PROJECT_VERSION = 1;
				DEVELOPMENT_TEAM = 88HR9232FQ;
				GENERATE_INFOPLIST_FILE = YES;
				IPHONEOS_DEPLOYMENT_TARGET = 15.5;
				MARKETING_VERSION = 1.0;
				PRODUCT_BUNDLE_IDENTIFIER = co.dagmawit.FlightAppInSwiftUITests;
				PRODUCT_NAME = "$(TARGET_NAME)";
				SWIFT_EMIT_LOC_STRINGS = NO;
				SWIFT_VERSION = 5.0;
				TARGETED_DEVICE_FAMILY = "1,2";
				TEST_HOST = "$(BUILT_PRODUCTS_DIR)/FlightAppInSwiftUI.app/FlightAppInSwiftUI";
			};
			name = Release;
		};
		C1B5306829B38E4C0034D645 /* Debug */ = {
			isa = XCBuildConfiguration;
			buildSettings = {
				ALWAYS_EMBED_SWIFT_STANDARD_LIBRARIES = YES;
				CODE_SIGN_STYLE = Automatic;
				CURRENT_PROJECT_VERSION = 1;
				DEVELOPMENT_TEAM = 88HR9232FQ;
				GENERATE_INFOPLIST_FILE = YES;
				MARKETING_VERSION = 1.0;
				PRODUCT_BUNDLE_IDENTIFIER = co.dagmawit.FlightAppInSwiftUIUITests;
				PRODUCT_NAME = "$(TARGET_NAME)";
				SWIFT_EMIT_LOC_STRINGS = NO;
				SWIFT_VERSION = 5.0;
				TARGETED_DEVICE_FAMILY = "1,2";
				TEST_TARGET_NAME = FlightAppInSwiftUI;
			};
			name = Debug;
		};
		C1B5306929B38E4C0034D645 /* Release */ = {
			isa = XCBuildConfiguration;
			buildSettings = {
				ALWAYS_EMBED_SWIFT_STANDARD_LIBRARIES = YES;
				CODE_SIGN_STYLE = Automatic;
				CURRENT_PROJECT_VERSION = 1;
				DEVELOPMENT_TEAM = 88HR9232FQ;
				GENERATE_INFOPLIST_FILE = YES;
				MARKETING_VERSION = 1.0;
				PRODUCT_BUNDLE_IDENTIFIER = co.dagmawit.FlightAppInSwiftUIUITests;
				PRODUCT_NAME = "$(TARGET_NAME)";
				SWIFT_EMIT_LOC_STRINGS = NO;
				SWIFT_VERSION = 5.0;
				TARGETED_DEVICE_FAMILY = "1,2";
				TEST_TARGET_NAME = FlightAppInSwiftUI;
			};
			name = Release;
		};
/* End XCBuildConfiguration section */

/* Begin XCConfigurationList section */
		C1B5303829B38E4A0034D645 /* Build configuration list for PBXProject "FlightAppInSwiftUI" */ = {
			isa = XCConfigurationList;
			buildConfigurations = (
				C1B5305F29B38E4C0034D645 /* Debug */,
				C1B5306029B38E4C0034D645 /* Release */,
			);
			defaultConfigurationIsVisible = 0;
			defaultConfigurationName = Release;
		};
		C1B5306129B38E4C0034D645 /* Build configuration list for PBXNativeTarget "FlightAppInSwiftUI" */ = {
			isa = XCConfigurationList;
			buildConfigurations = (
				C1B5306229B38E4C0034D645 /* Debug */,
				C1B5306329B38E4C0034D645 /* Release */,
			);
			defaultConfigurationIsVisible = 0;
			defaultConfigurationName = Release;
		};
		C1B5306429B38E4C0034D645 /* Build configuration list for PBXNativeTarget "FlightAppInSwiftUITests" */ = {
			isa = XCConfigurationList;
			buildConfigurations = (
				C1B5306529B38E4C0034D645 /* Debug */,
				C1B5306629B38E4C0034D645 /* Release */,
			);
			defaultConfigurationIsVisible = 0;
			defaultConfigurationName = Release;
		};
		C1B5306729B38E4C0034D645 /* Build configuration list for PBXNativeTarget "FlightAppInSwiftUIUITests" */ = {
			isa = XCConfigurationList;
			buildConfigurations = (
				C1B5306829B38E4C0034D645 /* Debug */,
				C1B5306929B38E4C0034D645 /* Release */,
			);
			defaultConfigurationIsVisible = 0;
			defaultConfigurationName = Release;
		};
/* End XCConfigurationList section */
	};
	rootObject = C1B5303529B38E4A0034D645 /* Project object */;
}
